// !$*UTF8*$!
{
	archiveVersion = 1;
	classes = {
	};
	objectVersion = 46;
	objects = {

/* Begin PBXBuildFile section */
		6178F9561A3C64190023A09D /* main.m in Sources */ = {isa = PBXBuildFile; fileRef = 6178F9551A3C64190023A09D /* main.m */; };
		6178F9591A3C64190023A09D /* AppDelegate.m in Sources */ = {isa = PBXBuildFile; fileRef = 6178F9581A3C64190023A09D /* AppDelegate.m */; };
		6178F95C1A3C64190023A09D /* ViewController.m in Sources */ = {isa = PBXBuildFile; fileRef = 6178F95B1A3C64190023A09D /* ViewController.m */; };
		6178F95F1A3C64190023A09D /* Main.storyboard in Resources */ = {isa = PBXBuildFile; fileRef = 6178F95D1A3C64190023A09D /* Main.storyboard */; };
		6178F9611A3C64190023A09D /* Images.xcassets in Resources */ = {isa = PBXBuildFile; fileRef = 6178F9601A3C64190023A09D /* Images.xcassets */; };
		6178F9641A3C64190023A09D /* LaunchScreen.xib in Resources */ = {isa = PBXBuildFile; fileRef = 6178F9621A3C64190023A09D /* LaunchScreen.xib */; };
		6178F9701A3C64190023A09D /* ex1_graphsTests.m in Sources */ = {isa = PBXBuildFile; fileRef = 6178F96F1A3C64190023A09D /* ex1_graphsTests.m */; };
		6178F97A1A3C65CE0023A09D /* CsvExample.csv in Resources */ = {isa = PBXBuildFile; fileRef = 6178F9791A3C65CE0023A09D /* CsvExample.csv */; };
/* End PBXBuildFile section */

/* Begin PBXContainerItemProxy section */
		6178F96A1A3C64190023A09D /* PBXContainerItemProxy */ = {
			isa = PBXContainerItemProxy;
			containerPortal = 6178F9481A3C64190023A09D /* Project object */;
			proxyType = 1;
			remoteGlobalIDString = 6178F94F1A3C64190023A09D;
			remoteInfo = "ex1-graphs";
		};
/* End PBXContainerItemProxy section */

/* Begin PBXFileReference section */
		6178F9501A3C64190023A09D /* ex1-graphs.app */ = {isa = PBXFileReference; explicitFileType = wrapper.application; includeInIndex = 0; path = "ex1-graphs.app"; sourceTree = BUILT_PRODUCTS_DIR; };
		6178F9541A3C64190023A09D /* Info.plist */ = {isa = PBXFileReference; lastKnownFileType = text.plist.xml; path = Info.plist; sourceTree = "<group>"; };
		6178F9551A3C64190023A09D /* main.m */ = {isa = PBXFileReference; lastKnownFileType = sourcecode.c.objc; path = main.m; sourceTree = "<group>"; };
		6178F9571A3C64190023A09D /* AppDelegate.h */ = {isa = PBXFileReference; lastKnownFileType = sourcecode.c.h; path = AppDelegate.h; sourceTree = "<group>"; };
		6178F9581A3C64190023A09D /* AppDelegate.m */ = {isa = PBXFileReference; lastKnownFileType = sourcecode.c.objc; path = AppDelegate.m; sourceTree = "<group>"; };
		6178F95A1A3C64190023A09D /* ViewController.h */ = {isa = PBXFileReference; lastKnownFileType = sourcecode.c.h; path = ViewController.h; sourceTree = "<group>"; };
		6178F95B1A3C64190023A09D /* ViewController.m */ = {isa = PBXFileReference; lastKnownFileType = sourcecode.c.objc; path = ViewController.m; sourceTree = "<group>"; };
		6178F95E1A3C64190023A09D /* Base */ = {isa = PBXFileReference; lastKnownFileType = file.storyboard; name = Base; path = Base.lproj/Main.storyboard; sourceTree = "<group>"; };
		6178F9601A3C64190023A09D /* Images.xcassets */ = {isa = PBXFileReference; lastKnownFileType = folder.assetcatalog; path = Images.xcassets; sourceTree = "<group>"; };
		6178F9631A3C64190023A09D /* Base */ = {isa = PBXFileReference; lastKnownFileType = file.xib; name = Base; path = Base.lproj/LaunchScreen.xib; sourceTree = "<group>"; };
		6178F9691A3C64190023A09D /* ex1-graphsTests.xctest */ = {isa = PBXFileReference; explicitFileType = wrapper.cfbundle; includeInIndex = 0; path = "ex1-graphsTests.xctest"; sourceTree = BUILT_PRODUCTS_DIR; };
		6178F96E1A3C64190023A09D /* Info.plist */ = {isa = PBXFileReference; lastKnownFileType = text.plist.xml; path = Info.plist; sourceTree = "<group>"; };
		6178F96F1A3C64190023A09D /* ex1_graphsTests.m */ = {isa = PBXFileReference; lastKnownFileType = sourcecode.c.objc; path = ex1_graphsTests.m; sourceTree = "<group>"; };
		6178F9791A3C65CE0023A09D /* CsvExample.csv */ = {isa = PBXFileReference; fileEncoding = 4; lastKnownFileType = text; name = CsvExample.csv; path = ../../../CsvExample.csv; sourceTree = "<group>"; };
/* End PBXFileReference section */

/* Begin PBXFrameworksBuildPhase section */
		6178F94D1A3C64190023A09D /* Frameworks */ = {
			isa = PBXFrameworksBuildPhase;
			buildActionMask = 2147483647;
			files = (
			);
			runOnlyForDeploymentPostprocessing = 0;
		};
		6178F9661A3C64190023A09D /* Frameworks */ = {
			isa = PBXFrameworksBuildPhase;
			buildActionMask = 2147483647;
			files = (
			);
			runOnlyForDeploymentPostprocessing = 0;
		};
/* End PBXFrameworksBuildPhase section */

/* Begin PBXGroup section */
		6178F9471A3C64190023A09D = {
			isa = PBXGroup;
			children = (
				6178F9521A3C64190023A09D /* ex1-graphs */,
				6178F96C1A3C64190023A09D /* ex1-graphsTests */,
				6178F9511A3C64190023A09D /* Products */,
			);
			sourceTree = "<group>";
		};
		6178F9511A3C64190023A09D /* Products */ = {
			isa = PBXGroup;
			children = (
				6178F9501A3C64190023A09D /* ex1-graphs.app */,
				6178F9691A3C64190023A09D /* ex1-graphsTests.xctest */,
			);
			name = Products;
			sourceTree = "<group>";
		};
		6178F9521A3C64190023A09D /* ex1-graphs */ = {
			isa = PBXGroup;
			children = (
				6178F9571A3C64190023A09D /* AppDelegate.h */,
				6178F9581A3C64190023A09D /* AppDelegate.m */,
				6178F95A1A3C64190023A09D /* ViewController.h */,
				6178F95B1A3C64190023A09D /* ViewController.m */,
				6178F95D1A3C64190023A09D /* Main.storyboard */,
				6178F9601A3C64190023A09D /* Images.xcassets */,
				6178F9621A3C64190023A09D /* LaunchScreen.xib */,
				6178F9531A3C64190023A09D /* Supporting Files */,
			);
			path = "ex1-graphs";
			sourceTree = "<group>";
		};
		6178F9531A3C64190023A09D /* Supporting Files */ = {
			isa = PBXGroup;
			children = (
				6178F9791A3C65CE0023A09D /* CsvExample.csv */,
				6178F9541A3C64190023A09D /* Info.plist */,
				6178F9551A3C64190023A09D /* main.m */,
			);
			name = "Supporting Files";
			sourceTree = "<group>";
		};
		6178F96C1A3C64190023A09D /* ex1-graphsTests */ = {
			isa = PBXGroup;
			children = (
				6178F96F1A3C64190023A09D /* ex1_graphsTests.m */,
				6178F96D1A3C64190023A09D /* Supporting Files */,
			);
			path = "ex1-graphsTests";
			sourceTree = "<group>";
		};
		6178F96D1A3C64190023A09D /* Supporting Files */ = {
			isa = PBXGroup;
			children = (
				6178F96E1A3C64190023A09D /* Info.plist */,
			);
			name = "Supporting Files";
			sourceTree = "<group>";
		};
/* End PBXGroup section */

/* Begin PBXNativeTarget section */
		6178F94F1A3C64190023A09D /* ex1-graphs */ = {
			isa = PBXNativeTarget;
			buildConfigurationList = 6178F9731A3C64190023A09D /* Build configuration list for PBXNativeTarget "ex1-graphs" */;
			buildPhases = (
				6178F94C1A3C64190023A09D /* Sources */,
				6178F94D1A3C64190023A09D /* Frameworks */,
				6178F94E1A3C64190023A09D /* Resources */,
			);
			buildRules = (
			);
			dependencies = (
			);
			name = "ex1-graphs";
			productName = "ex1-graphs";
			productReference = 6178F9501A3C64190023A09D /* ex1-graphs.app */;
			productType = "com.apple.product-type.application";
		};
		6178F9681A3C64190023A09D /* ex1-graphsTests */ = {
			isa = PBXNativeTarget;
			buildConfigurationList = 6178F9761A3C64190023A09D /* Build configuration list for PBXNativeTarget "ex1-graphsTests" */;
			buildPhases = (
				6178F9651A3C64190023A09D /* Sources */,
				6178F9661A3C64190023A09D /* Frameworks */,
				6178F9671A3C64190023A09D /* Resources */,
			);
			buildRules = (
			);
			dependencies = (
				6178F96B1A3C64190023A09D /* PBXTargetDependency */,
			);
			name = "ex1-graphsTests";
			productName = "ex1-graphsTests";
			productReference = 6178F9691A3C64190023A09D /* ex1-graphsTests.xctest */;
			productType = "com.apple.product-type.bundle.unit-test";
		};
/* End PBXNativeTarget section */

/* Begin PBXProject section */
		6178F9481A3C64190023A09D /* Project object */ = {
			isa = PBXProject;
			attributes = {
				LastUpgradeCheck = 0610;
				ORGANIZATIONNAME = graphs;
				TargetAttributes = {
					6178F94F1A3C64190023A09D = {
						CreatedOnToolsVersion = 6.1;
					};
					6178F9681A3C64190023A09D = {
						CreatedOnToolsVersion = 6.1;
						TestTargetID = 6178F94F1A3C64190023A09D;
					};
				};
			};
			buildConfigurationList = 6178F94B1A3C64190023A09D /* Build configuration list for PBXProject "ex1-graphs" */;
			compatibilityVersion = "Xcode 3.2";
			developmentRegion = English;
			hasScannedForEncodings = 0;
			knownRegions = (
				en,
				Base,
			);
			mainGroup = 6178F9471A3C64190023A09D;
			productRefGroup = 6178F9511A3C64190023A09D /* Products */;
			projectDirPath = "";
			projectRoot = "";
			targets = (
				6178F94F1A3C64190023A09D /* ex1-graphs */,
				6178F9681A3C64190023A09D /* ex1-graphsTests */,
			);
		};
/* End PBXProject section */

/* Begin PBXResourcesBuildPhase section */
		6178F94E1A3C64190023A09D /* Resources */ = {
			isa = PBXResourcesBuildPhase;
			buildActionMask = 2147483647;
			files = (
				6178F97A1A3C65CE0023A09D /* CsvExample.csv in Resources */,
				6178F95F1A3C64190023A09D /* Main.storyboard in Resources */,
				6178F9641A3C64190023A09D /* LaunchScreen.xib in Resources */,
				6178F9611A3C64190023A09D /* Images.xcassets in Resources */,
			);
			runOnlyForDeploymentPostprocessing = 0;
		};
		6178F9671A3C64190023A09D /* Resources */ = {
			isa = PBXResourcesBuildPhase;
			buildActionMask = 2147483647;
			files = (
			);
			runOnlyForDeploymentPostprocessing = 0;
		};
/* End PBXResourcesBuildPhase section */

/* Begin PBXSourcesBuildPhase section */
		6178F94C1A3C64190023A09D /* Sources */ = {
			isa = PBXSourcesBuildPhase;
			buildActionMask = 2147483647;
			files = (
				6178F95C1A3C64190023A09D /* ViewController.m in Sources */,
				6178F9591A3C64190023A09D /* AppDelegate.m in Sources */,
				6178F9561A3C64190023A09D /* main.m in Sources */,
			);
			runOnlyForDeploymentPostprocessing = 0;
		};
		6178F9651A3C64190023A09D /* Sources */ = {
			isa = PBXSourcesBuildPhase;
			buildActionMask = 2147483647;
			files = (
				6178F9701A3C64190023A09D /* ex1_graphsTests.m in Sources */,
			);
			runOnlyForDeploymentPostprocessing = 0;
		};
/* End PBXSourcesBuildPhase section */

/* Begin PBXTargetDependency section */
		6178F96B1A3C64190023A09D /* PBXTargetDependency */ = {
			isa = PBXTargetDependency;
			target = 6178F94F1A3C64190023A09D /* ex1-graphs */;
			targetProxy = 6178F96A1A3C64190023A09D /* PBXContainerItemProxy */;
		};
/* End PBXTargetDependency section */

/* Begin PBXVariantGroup section */
		6178F95D1A3C64190023A09D /* Main.storyboard */ = {
			isa = PBXVariantGroup;
			children = (
				6178F95E1A3C64190023A09D /* Base */,
			);
			name = Main.storyboard;
			sourceTree = "<group>";
		};
		6178F9621A3C64190023A09D /* LaunchScreen.xib */ = {
			isa = PBXVariantGroup;
			children = (
				6178F9631A3C64190023A09D /* Base */,
			);
			name = LaunchScreen.xib;
			sourceTree = "<group>";
		};
/* End PBXVariantGroup section */

/* Begin XCBuildConfiguration section */
		6178F9711A3C64190023A09D /* Debug */ = {
			isa = XCBuildConfiguration;
			buildSettings = {
				ALWAYS_SEARCH_USER_PATHS = NO;
				CLANG_CXX_LANGUAGE_STANDARD = "gnu++0x";
				CLANG_CXX_LIBRARY = "libc++";
				CLANG_ENABLE_MODULES = YES;
				CLANG_ENABLE_OBJC_ARC = YES;
				CLANG_WARN_BOOL_CONVERSION = YES;
				CLANG_WARN_CONSTANT_CONVERSION = YES;
				CLANG_WARN_DIRECT_OBJC_ISA_USAGE = YES_ERROR;
				CLANG_WARN_EMPTY_BODY = YES;
				CLANG_WARN_ENUM_CONVERSION = YES;
				CLANG_WARN_INT_CONVERSION = YES;
				CLANG_WARN_OBJC_ROOT_CLASS = YES_ERROR;
				CLANG_WARN_UNREACHABLE_CODE = YES;
				CLANG_WARN__DUPLICATE_METHOD_MATCH = YES;
				"CODE_SIGN_IDENTITY[sdk=iphoneos*]" = "iPhone Developer";
				COPY_PHASE_STRIP = NO;
				ENABLE_STRICT_OBJC_MSGSEND = YES;
				GCC_C_LANGUAGE_STANDARD = gnu99;
				GCC_DYNAMIC_NO_PIC = NO;
				GCC_OPTIMIZATION_LEVEL = 0;
				GCC_PREPROCESSOR_DEFINITIONS = (
					"DEBUG=1",
					"$(inherited)",
				);
				GCC_SYMBOLS_PRIVATE_EXTERN = NO;
				GCC_WARN_64_TO_32_BIT_CONVERSION = YES;
				GCC_WARN_ABOUT_RETURN_TYPE = YES_ERROR;
				GCC_WARN_UNDECLARED_SELECTOR = YES;
				GCC_WARN_UNINITIALIZED_AUTOS = YES_AGGRESSIVE;
				GCC_WARN_UNUSED_FUNCTION = YES;
				GCC_WARN_UNUSED_VARIABLE = YES;
				IPHONEOS_DEPLOYMENT_TARGET = 8.1;
				MTL_ENABLE_DEBUG_INFO = YES;
				ONLY_ACTIVE_ARCH = YES;
				SDKROOT = iphoneos;
			};
			name = Debug;
		};
		6178F9721A3C64190023A09D /* Release */ = {
			isa = XCBuildConfiguration;
			buildSettings = {
				ALWAYS_SEARCH_USER_PATHS = NO;
				CLANG_CXX_LANGUAGE_STANDARD = "gnu++0x";
				CLANG_CXX_LIBRARY = "libc++";
				CLANG_ENABLE_MODULES = YES;
				CLANG_ENABLE_OBJC_ARC = YES;
				CLANG_WARN_BOOL_CONVERSION = YES;
				CLANG_WARN_CONSTANT_CONVERSION = YES;
				CLANG_WARN_DIRECT_OBJC_ISA_USAGE = YES_ERROR;
				CLANG_WARN_EMPTY_BODY = YES;
				CLANG_WARN_ENUM_CONVERSION = YES;
				CLANG_WARN_INT_CONVERSION = YES;
				CLANG_WARN_OBJC_ROOT_CLASS = YES_ERROR;
				CLANG_WARN_UNREACHABLE_CODE = YES;
				CLANG_WARN__DUPLICATE_METHOD_MATCH = YES;
				"CODE_SIGN_IDENTITY[sdk=iphoneos*]" = "iPhone Developer";
				COPY_PHASE_STRIP = YES;
				ENABLE_NS_ASSERTIONS = NO;
				ENABLE_STRICT_OBJC_MSGSEND = YES;
				GCC_C_LANGUAGE_STANDARD = gnu99;
				GCC_WARN_64_TO_32_BIT_CONVERSION = YES;
				GCC_WARN_ABOUT_RETURN_TYPE = YES_ERROR;
				GCC_WARN_UNDECLARED_SELECTOR = YES;
				GCC_WARN_UNINITIALIZED_AUTOS = YES_AGGRESSIVE;
				GCC_WARN_UNUSED_FUNCTION = YES;
				GCC_WARN_UNUSED_VARIABLE = YES;
				IPHONEOS_DEPLOYMENT_TARGET = 8.1;
				MTL_ENABLE_DEBUG_INFO = NO;
				SDKROOT = iphoneos;
				VALIDATE_PRODUCT = YES;
			};
			name = Release;
		};
		6178F9741A3C64190023A09D /* Debug */ = {
			isa = XCBuildConfiguration;
			buildSettings = {
				ASSETCATALOG_COMPILER_APPICON_NAME = AppIcon;
				INFOPLIST_FILE = "ex1-graphs/Info.plist";
				LD_RUNPATH_SEARCH_PATHS = "$(inherited) @executable_path/Frameworks";
				PRODUCT_NAME = "$(TARGET_NAME)";
			};
			name = Debug;
		};
		6178F9751A3C64190023A09D /* Release */ = {
			isa = XCBuildConfiguration;
			buildSettings = {
				ASSETCATALOG_COMPILER_APPICON_NAME = AppIcon;
				INFOPLIST_FILE = "ex1-graphs/Info.plist";
				LD_RUNPATH_SEARCH_PATHS = "$(inherited) @executable_path/Frameworks";
				PRODUCT_NAME = "$(TARGET_NAME)";
			};
			name = Release;
		};
		6178F9771A3C64190023A09D /* Debug */ = {
			isa = XCBuildConfiguration;
			buildSettings = {
				BUNDLE_LOADER = "$(TEST_HOST)";
				FRAMEWORK_SEARCH_PATHS = (
					"$(SDKROOT)/Developer/Library/Frameworks",
					"$(inherited)",
				);
				GCC_PREPROCESSOR_DEFINITIONS = (
					"DEBUG=1",
					"$(inherited)",
				);
				INFOPLIST_FILE = "ex1-graphsTests/Info.plist";
				LD_RUNPATH_SEARCH_PATHS = "$(inherited) @executable_path/Frameworks @loader_path/Frameworks";
				PRODUCT_NAME = "$(TARGET_NAME)";
				TEST_HOST = "$(BUILT_PRODUCTS_DIR)/ex1-graphs.app/ex1-graphs";
			};
			name = Debug;
		};
		6178F9781A3C64190023A09D /* Release */ = {
			isa = XCBuildConfiguration;
			buildSettings = {
				BUNDLE_LOADER = "$(TEST_HOST)";
				FRAMEWORK_SEARCH_PATHS = (
					"$(SDKROOT)/Developer/Library/Frameworks",
					"$(inherited)",
				);
				INFOPLIST_FILE = "ex1-graphsTests/Info.plist";
				LD_RUNPATH_SEARCH_PATHS = "$(inherited) @executable_path/Frameworks @loader_path/Frameworks";
				PRODUCT_NAME = "$(TARGET_NAME)";
				TEST_HOST = "$(BUILT_PRODUCTS_DIR)/ex1-graphs.app/ex1-graphs";
			};
			name = Release;
		};
/* End XCBuildConfiguration section */

/* Begin XCConfigurationList section */
		6178F94B1A3C64190023A09D /* Build configuration list for PBXProject "ex1-graphs" */ = {
			isa = XCConfigurationList;
			buildConfigurations = (
				6178F9711A3C64190023A09D /* Debug */,
				6178F9721A3C64190023A09D /* Release */,
			);
			defaultConfigurationIsVisible = 0;
			defaultConfigurationName = Release;
		};
		6178F9731A3C64190023A09D /* Build configuration list for PBXNativeTarget "ex1-graphs" */ = {
			isa = XCConfigurationList;
			buildConfigurations = (
				6178F9741A3C64190023A09D /* Debug */,
				6178F9751A3C64190023A09D /* Release */,
			);
			defaultConfigurationIsVisible = 0;
		};
		6178F9761A3C64190023A09D /* Build configuration list for PBXNativeTarget "ex1-graphsTests" */ = {
			isa = XCConfigurationList;
			buildConfigurations = (
				6178F9771A3C64190023A09D /* Debug */,
				6178F9781A3C64190023A09D /* Release */,
			);
			defaultConfigurationIsVisible = 0;
		};
/* End XCConfigurationList section */
	};
	rootObject = 6178F9481A3C64190023A09D /* Project object */;
}
